// !$*UTF8*$!
{
	archiveVersion = 1;
	classes = {
	};
	objectVersion = 50;
	objects = {

/* Begin PBXBuildFile section */
		3A2CDB9924EE208D002B435D /* DetailView.swift in Sources */ = {isa = PBXBuildFile; fileRef = 3A2CDB9824EE208D002B435D /* DetailView.swift */; };
		3A2CDB9B24EF5D32002B435D /* EditText.swift in Sources */ = {isa = PBXBuildFile; fileRef = 3A2CDB9A24EF5D32002B435D /* EditText.swift */; };
		3A2CDBA124F0C41B002B435D /* TextView.swift in Sources */ = {isa = PBXBuildFile; fileRef = 3A2CDBA024F0C41B002B435D /* TextView.swift */; };
>>>>>>> added editText View
		6329FF0024ECBD5E005A4DE9 /* AppDelegate.swift in Sources */ = {isa = PBXBuildFile; fileRef = 6329FEFF24ECBD5E005A4DE9 /* AppDelegate.swift */; };
		6329FF0224ECBD5E005A4DE9 /* SceneDelegate.swift in Sources */ = {isa = PBXBuildFile; fileRef = 6329FF0124ECBD5E005A4DE9 /* SceneDelegate.swift */; };
		6329FF0424ECBD5E005A4DE9 /* ContentView.swift in Sources */ = {isa = PBXBuildFile; fileRef = 6329FF0324ECBD5E005A4DE9 /* ContentView.swift */; };
		6329FF0624ECBD5F005A4DE9 /* Assets.xcassets in Resources */ = {isa = PBXBuildFile; fileRef = 6329FF0524ECBD5F005A4DE9 /* Assets.xcassets */; };
		6329FF0924ECBD5F005A4DE9 /* Preview Assets.xcassets in Resources */ = {isa = PBXBuildFile; fileRef = 6329FF0824ECBD5F005A4DE9 /* Preview Assets.xcassets */; };
		6329FF0C24ECBD5F005A4DE9 /* LaunchScreen.storyboard in Resources */ = {isa = PBXBuildFile; fileRef = 6329FF0A24ECBD5F005A4DE9 /* LaunchScreen.storyboard */; };
		6329FF1424ECBE7E005A4DE9 /* Note.swift in Sources */ = {isa = PBXBuildFile; fileRef = 6329FF1324ECBE7E005A4DE9 /* Note.swift */; };
		6329FF1624ECBF46005A4DE9 /* NoteController.swift in Sources */ = {isa = PBXBuildFile; fileRef = 6329FF1524ECBF46005A4DE9 /* NoteController.swift */; };
		C9D6A0B724EE120600AEEE0B /* CardView.swift in Sources */ = {isa = PBXBuildFile; fileRef = C9D6A0B624EE120600AEEE0B /* CardView.swift */; };
/* End PBXBuildFile section */

/* Begin PBXFileReference section */
		3A2CDB9824EE208D002B435D /* DetailView.swift */ = {isa = PBXFileReference; lastKnownFileType = sourcecode.swift; path = DetailView.swift; sourceTree = "<group>"; };
		3A2CDB9A24EF5D32002B435D /* EditText.swift */ = {isa = PBXFileReference; lastKnownFileType = sourcecode.swift; name = EditText.swift; path = Transcribe/MainViews/EditText.swift; sourceTree = SOURCE_ROOT; };
		3A2CDBA024F0C41B002B435D /* TextView.swift */ = {isa = PBXFileReference; lastKnownFileType = sourcecode.swift; name = TextView.swift; path = Transcribe/Models/TextView.swift; sourceTree = SOURCE_ROOT; };
		6329FEFC24ECBD5E005A4DE9 /* Transcribe.app */ = {isa = PBXFileReference; explicitFileType = wrapper.application; includeInIndex = 0; path = Transcribe.app; sourceTree = BUILT_PRODUCTS_DIR; };
		6329FEFF24ECBD5E005A4DE9 /* AppDelegate.swift */ = {isa = PBXFileReference; lastKnownFileType = sourcecode.swift; path = AppDelegate.swift; sourceTree = "<group>"; };
		6329FF0124ECBD5E005A4DE9 /* SceneDelegate.swift */ = {isa = PBXFileReference; lastKnownFileType = sourcecode.swift; path = SceneDelegate.swift; sourceTree = "<group>"; };
		6329FF0324ECBD5E005A4DE9 /* ContentView.swift */ = {isa = PBXFileReference; lastKnownFileType = sourcecode.swift; path = ContentView.swift; sourceTree = "<group>"; };
		6329FF0524ECBD5F005A4DE9 /* Assets.xcassets */ = {isa = PBXFileReference; lastKnownFileType = folder.assetcatalog; path = Assets.xcassets; sourceTree = "<group>"; };
		6329FF0824ECBD5F005A4DE9 /* Preview Assets.xcassets */ = {isa = PBXFileReference; lastKnownFileType = folder.assetcatalog; path = "Preview Assets.xcassets"; sourceTree = "<group>"; };
		6329FF0B24ECBD5F005A4DE9 /* Base */ = {isa = PBXFileReference; lastKnownFileType = file.storyboard; name = Base; path = Base.lproj/LaunchScreen.storyboard; sourceTree = "<group>"; };
		6329FF0D24ECBD5F005A4DE9 /* Info.plist */ = {isa = PBXFileReference; lastKnownFileType = text.plist.xml; path = Info.plist; sourceTree = "<group>"; };
		6329FF1324ECBE7E005A4DE9 /* Note.swift */ = {isa = PBXFileReference; lastKnownFileType = sourcecode.swift; path = Note.swift; sourceTree = "<group>"; };
		6329FF1524ECBF46005A4DE9 /* NoteController.swift */ = {isa = PBXFileReference; lastKnownFileType = sourcecode.swift; path = NoteController.swift; sourceTree = "<group>"; };
		C9D6A0B624EE120600AEEE0B /* CardView.swift */ = {isa = PBXFileReference; lastKnownFileType = sourcecode.swift; path = CardView.swift; sourceTree = "<group>"; };
/* End PBXFileReference section */

/* Begin PBXFrameworksBuildPhase section */
		6329FEF924ECBD5E005A4DE9 /* Frameworks */ = {
			isa = PBXFrameworksBuildPhase;
			buildActionMask = 2147483647;
			files = (
			);
			runOnlyForDeploymentPostprocessing = 0;
		};
/* End PBXFrameworksBuildPhase section */

/* Begin PBXGroup section */
		6329FEF324ECBD5E005A4DE9 = {
			isa = PBXGroup;
			children = (
				6329FEFE24ECBD5E005A4DE9 /* Transcribe */,
				6329FEFD24ECBD5E005A4DE9 /* Products */,
			);
			sourceTree = "<group>";
		};
		6329FEFD24ECBD5E005A4DE9 /* Products */ = {
			isa = PBXGroup;
			children = (
				6329FEFC24ECBD5E005A4DE9 /* Transcribe.app */,
			);
			name = Products;
			sourceTree = "<group>";
		};
		6329FEFE24ECBD5E005A4DE9 /* Transcribe */ = {
			isa = PBXGroup;
			children = (
				6329FF0D24ECBD5F005A4DE9 /* Info.plist */,
				6329FEFF24ECBD5E005A4DE9 /* AppDelegate.swift */,
				6329FF0124ECBD5E005A4DE9 /* SceneDelegate.swift */,
				6329FF0524ECBD5F005A4DE9 /* Assets.xcassets */,
				C9D6A0B124EE106300AEEE0B /* Models */,
				C9D6A0B224EE107300AEEE0B /* ModelControllers */,
				C9D6A0B324EE108000AEEE0B /* MainViews */,
				C9D6A0B424EE108C00AEEE0B /* SubViews */,
				C9D6A0B524EE109500AEEE0B /* Extensions */,
				6329FF0A24ECBD5F005A4DE9 /* LaunchScreen.storyboard */,
				6329FF0724ECBD5F005A4DE9 /* Preview Content */,
			);
			path = Transcribe;
			sourceTree = "<group>";
		};
		6329FF0724ECBD5F005A4DE9 /* Preview Content */ = {
			isa = PBXGroup;
			children = (
				6329FF0824ECBD5F005A4DE9 /* Preview Assets.xcassets */,
			);
			path = "Preview Content";
			sourceTree = "<group>";
		};
		C9D6A0B124EE106300AEEE0B /* Models */ = {
			isa = PBXGroup;
			children = (
				6329FF1324ECBE7E005A4DE9 /* Note.swift */,
			);
			path = Models;
			sourceTree = "<group>";
		};
		C9D6A0B224EE107300AEEE0B /* ModelControllers */ = {
			isa = PBXGroup;
			children = (
				6329FF1524ECBF46005A4DE9 /* NoteController.swift */,
			);
			path = ModelControllers;
			sourceTree = "<group>";
		};
		C9D6A0B324EE108000AEEE0B /* MainViews */ = {
			isa = PBXGroup;
			children = (
				6329FF0324ECBD5E005A4DE9 /* ContentView.swift */,
				3A2CDB9824EE208D002B435D /* DetailView.swift */,
			);
			path = MainViews;
			sourceTree = "<group>";
		};
		C9D6A0B424EE108C00AEEE0B /* SubViews */ = {
			isa = PBXGroup;
			children = (
				C9D6A0B624EE120600AEEE0B /* CardView.swift */,
				3A2CDB9A24EF5D32002B435D /* EditText.swift */,
			);
			path = SubViews;
			sourceTree = "<group>";
		};
		C9D6A0B524EE109500AEEE0B /* Extensions */ = {
			isa = PBXGroup;
			children = (
				3A2CDBA024F0C41B002B435D /* TextView.swift */,
			);
			path = Extensions;
			sourceTree = "<group>";
		};
/* End PBXGroup section */

/* Begin PBXNativeTarget section */
		6329FEFB24ECBD5E005A4DE9 /* Transcribe */ = {
			isa = PBXNativeTarget;
			buildConfigurationList = 6329FF1024ECBD5F005A4DE9 /* Build configuration list for PBXNativeTarget "Transcribe" */;
			buildPhases = (
				6329FEF824ECBD5E005A4DE9 /* Sources */,
				6329FEF924ECBD5E005A4DE9 /* Frameworks */,
				6329FEFA24ECBD5E005A4DE9 /* Resources */,
			);
			buildRules = (
			);
			dependencies = (
			);
			name = Transcribe;
			productName = Transcribe;
			productReference = 6329FEFC24ECBD5E005A4DE9 /* Transcribe.app */;
			productType = "com.apple.product-type.application";
		};
/* End PBXNativeTarget section */

/* Begin PBXProject section */
		6329FEF424ECBD5E005A4DE9 /* Project object */ = {
			isa = PBXProject;
			attributes = {
				LastSwiftUpdateCheck = 1150;
				LastUpgradeCheck = 1150;
				ORGANIZATIONNAME = "Chad-Claudia-Matt";
				TargetAttributes = {
					6329FEFB24ECBD5E005A4DE9 = {
						CreatedOnToolsVersion = 11.5;
					};
				};
			};
			buildConfigurationList = 6329FEF724ECBD5E005A4DE9 /* Build configuration list for PBXProject "Transcribe" */;
			compatibilityVersion = "Xcode 9.3";
			developmentRegion = en;
			hasScannedForEncodings = 0;
			knownRegions = (
				en,
				Base,
			);
			mainGroup = 6329FEF324ECBD5E005A4DE9;
			productRefGroup = 6329FEFD24ECBD5E005A4DE9 /* Products */;
			projectDirPath = "";
			projectRoot = "";
			targets = (
				6329FEFB24ECBD5E005A4DE9 /* Transcribe */,
			);
		};
/* End PBXProject section */

/* Begin PBXResourcesBuildPhase section */
		6329FEFA24ECBD5E005A4DE9 /* Resources */ = {
			isa = PBXResourcesBuildPhase;
			buildActionMask = 2147483647;
			files = (
				6329FF0C24ECBD5F005A4DE9 /* LaunchScreen.storyboard in Resources */,
				6329FF0924ECBD5F005A4DE9 /* Preview Assets.xcassets in Resources */,
				6329FF0624ECBD5F005A4DE9 /* Assets.xcassets in Resources */,
			);
			runOnlyForDeploymentPostprocessing = 0;
		};
/* End PBXResourcesBuildPhase section */

/* Begin PBXSourcesBuildPhase section */
		6329FEF824ECBD5E005A4DE9 /* Sources */ = {
			isa = PBXSourcesBuildPhase;
			buildActionMask = 2147483647;
			files = (
				6329FF0024ECBD5E005A4DE9 /* AppDelegate.swift in Sources */,
				3A2CDB9924EE208D002B435D /* DetailView.swift in Sources */,
				6329FF0224ECBD5E005A4DE9 /* SceneDelegate.swift in Sources */,
				3A2CDB9B24EF5D32002B435D /* EditText.swift in Sources */,
				6329FF0424ECBD5E005A4DE9 /* ContentView.swift in Sources */,
				6329FF1424ECBE7E005A4DE9 /* Note.swift in Sources */,
				3A2CDBA124F0C41B002B435D /* TextView.swift in Sources */,
				C9D6A0B724EE120600AEEE0B /* CardView.swift in Sources */,
				6329FF1624ECBF46005A4DE9 /* NoteController.swift in Sources */,
			);
			runOnlyForDeploymentPostprocessing = 0;
		};
/* End PBXSourcesBuildPhase section */

/* Begin PBXVariantGroup section */
		6329FF0A24ECBD5F005A4DE9 /* LaunchScreen.storyboard */ = {
			isa = PBXVariantGroup;
			children = (
				6329FF0B24ECBD5F005A4DE9 /* Base */,
			);
			name = LaunchScreen.storyboard;
			sourceTree = "<group>";
		};
/* End PBXVariantGroup section */

/* Begin XCBuildConfiguration section */
		6329FF0E24ECBD5F005A4DE9 /* Debug */ = {
			isa = XCBuildConfiguration;
			buildSettings = {
				ALWAYS_SEARCH_USER_PATHS = NO;
				CLANG_ANALYZER_NONNULL = YES;
				CLANG_ANALYZER_NUMBER_OBJECT_CONVERSION = YES_AGGRESSIVE;
				CLANG_CXX_LANGUAGE_STANDARD = "gnu++14";
				CLANG_CXX_LIBRARY = "libc++";
				CLANG_ENABLE_MODULES = YES;
				CLANG_ENABLE_OBJC_ARC = YES;
				CLANG_ENABLE_OBJC_WEAK = YES;
				CLANG_WARN_BLOCK_CAPTURE_AUTORELEASING = YES;
				CLANG_WARN_BOOL_CONVERSION = YES;
				CLANG_WARN_COMMA = YES;
				CLANG_WARN_CONSTANT_CONVERSION = YES;
				CLANG_WARN_DEPRECATED_OBJC_IMPLEMENTATIONS = YES;
				CLANG_WARN_DIRECT_OBJC_ISA_USAGE = YES_ERROR;
				CLANG_WARN_DOCUMENTATION_COMMENTS = YES;
				CLANG_WARN_EMPTY_BODY = YES;
				CLANG_WARN_ENUM_CONVERSION = YES;
				CLANG_WARN_INFINITE_RECURSION = YES;
				CLANG_WARN_INT_CONVERSION = YES;
				CLANG_WARN_NON_LITERAL_NULL_CONVERSION = YES;
				CLANG_WARN_OBJC_IMPLICIT_RETAIN_SELF = YES;
				CLANG_WARN_OBJC_LITERAL_CONVERSION = YES;
				CLANG_WARN_OBJC_ROOT_CLASS = YES_ERROR;
				CLANG_WARN_RANGE_LOOP_ANALYSIS = YES;
				CLANG_WARN_STRICT_PROTOTYPES = YES;
				CLANG_WARN_SUSPICIOUS_MOVE = YES;
				CLANG_WARN_UNGUARDED_AVAILABILITY = YES_AGGRESSIVE;
				CLANG_WARN_UNREACHABLE_CODE = YES;
				CLANG_WARN__DUPLICATE_METHOD_MATCH = YES;
				COPY_PHASE_STRIP = NO;
				DEBUG_INFORMATION_FORMAT = dwarf;
				ENABLE_STRICT_OBJC_MSGSEND = YES;
				ENABLE_TESTABILITY = YES;
				GCC_C_LANGUAGE_STANDARD = gnu11;
				GCC_DYNAMIC_NO_PIC = NO;
				GCC_NO_COMMON_BLOCKS = YES;
				GCC_OPTIMIZATION_LEVEL = 0;
				GCC_PREPROCESSOR_DEFINITIONS = (
					"DEBUG=1",
					"$(inherited)",
				);
				GCC_WARN_64_TO_32_BIT_CONVERSION = YES;
				GCC_WARN_ABOUT_RETURN_TYPE = YES_ERROR;
				GCC_WARN_UNDECLARED_SELECTOR = YES;
				GCC_WARN_UNINITIALIZED_AUTOS = YES_AGGRESSIVE;
				GCC_WARN_UNUSED_FUNCTION = YES;
				GCC_WARN_UNUSED_VARIABLE = YES;
				IPHONEOS_DEPLOYMENT_TARGET = 13.5;
				MTL_ENABLE_DEBUG_INFO = INCLUDE_SOURCE;
				MTL_FAST_MATH = YES;
				ONLY_ACTIVE_ARCH = YES;
				SDKROOT = iphoneos;
				SWIFT_ACTIVE_COMPILATION_CONDITIONS = DEBUG;
				SWIFT_OPTIMIZATION_LEVEL = "-Onone";
			};
			name = Debug;
		};
		6329FF0F24ECBD5F005A4DE9 /* Release */ = {
			isa = XCBuildConfiguration;
			buildSettings = {
				ALWAYS_SEARCH_USER_PATHS = NO;
				CLANG_ANALYZER_NONNULL = YES;
				CLANG_ANALYZER_NUMBER_OBJECT_CONVERSION = YES_AGGRESSIVE;
				CLANG_CXX_LANGUAGE_STANDARD = "gnu++14";
				CLANG_CXX_LIBRARY = "libc++";
				CLANG_ENABLE_MODULES = YES;
				CLANG_ENABLE_OBJC_ARC = YES;
				CLANG_ENABLE_OBJC_WEAK = YES;
				CLANG_WARN_BLOCK_CAPTURE_AUTORELEASING = YES;
				CLANG_WARN_BOOL_CONVERSION = YES;
				CLANG_WARN_COMMA = YES;
				CLANG_WARN_CONSTANT_CONVERSION = YES;
				CLANG_WARN_DEPRECATED_OBJC_IMPLEMENTATIONS = YES;
				CLANG_WARN_DIRECT_OBJC_ISA_USAGE = YES_ERROR;
				CLANG_WARN_DOCUMENTATION_COMMENTS = YES;
				CLANG_WARN_EMPTY_BODY = YES;
				CLANG_WARN_ENUM_CONVERSION = YES;
				CLANG_WARN_INFINITE_RECURSION = YES;
				CLANG_WARN_INT_CONVERSION = YES;
				CLANG_WARN_NON_LITERAL_NULL_CONVERSION = YES;
				CLANG_WARN_OBJC_IMPLICIT_RETAIN_SELF = YES;
				CLANG_WARN_OBJC_LITERAL_CONVERSION = YES;
				CLANG_WARN_OBJC_ROOT_CLASS = YES_ERROR;
				CLANG_WARN_RANGE_LOOP_ANALYSIS = YES;
				CLANG_WARN_STRICT_PROTOTYPES = YES;
				CLANG_WARN_SUSPICIOUS_MOVE = YES;
				CLANG_WARN_UNGUARDED_AVAILABILITY = YES_AGGRESSIVE;
				CLANG_WARN_UNREACHABLE_CODE = YES;
				CLANG_WARN__DUPLICATE_METHOD_MATCH = YES;
				COPY_PHASE_STRIP = NO;
				DEBUG_INFORMATION_FORMAT = "dwarf-with-dsym";
				ENABLE_NS_ASSERTIONS = NO;
				ENABLE_STRICT_OBJC_MSGSEND = YES;
				GCC_C_LANGUAGE_STANDARD = gnu11;
				GCC_NO_COMMON_BLOCKS = YES;
				GCC_WARN_64_TO_32_BIT_CONVERSION = YES;
				GCC_WARN_ABOUT_RETURN_TYPE = YES_ERROR;
				GCC_WARN_UNDECLARED_SELECTOR = YES;
				GCC_WARN_UNINITIALIZED_AUTOS = YES_AGGRESSIVE;
				GCC_WARN_UNUSED_FUNCTION = YES;
				GCC_WARN_UNUSED_VARIABLE = YES;
				IPHONEOS_DEPLOYMENT_TARGET = 13.5;
				MTL_ENABLE_DEBUG_INFO = NO;
				MTL_FAST_MATH = YES;
				SDKROOT = iphoneos;
				SWIFT_COMPILATION_MODE = wholemodule;
				SWIFT_OPTIMIZATION_LEVEL = "-O";
				VALIDATE_PRODUCT = YES;
			};
			name = Release;
		};
		6329FF1124ECBD5F005A4DE9 /* Debug */ = {
			isa = XCBuildConfiguration;
			buildSettings = {
				ASSETCATALOG_COMPILER_APPICON_NAME = AppIcon;
				CODE_SIGN_STYLE = Automatic;
				DEVELOPMENT_ASSET_PATHS = "\"Transcribe/Preview Content\"";
				ENABLE_PREVIEWS = YES;
				INFOPLIST_FILE = Transcribe/Info.plist;
				LD_RUNPATH_SEARCH_PATHS = (
					"$(inherited)",
					"@executable_path/Frameworks",
				);
				PRODUCT_BUNDLE_IDENTIFIER = "com.lambda-students.iospt5.chad-claudia-matt.Transcribe";
				PRODUCT_NAME = "$(TARGET_NAME)";
				SWIFT_VERSION = 5.0;
				TARGETED_DEVICE_FAMILY = "1,2";
			};
			name = Debug;
		};
		6329FF1224ECBD5F005A4DE9 /* Release */ = {
			isa = XCBuildConfiguration;
			buildSettings = {
				ASSETCATALOG_COMPILER_APPICON_NAME = AppIcon;
				CODE_SIGN_STYLE = Automatic;
				DEVELOPMENT_ASSET_PATHS = "\"Transcribe/Preview Content\"";
				ENABLE_PREVIEWS = YES;
				INFOPLIST_FILE = Transcribe/Info.plist;
				LD_RUNPATH_SEARCH_PATHS = (
					"$(inherited)",
					"@executable_path/Frameworks",
				);
				PRODUCT_BUNDLE_IDENTIFIER = "com.lambda-students.iospt5.chad-claudia-matt.Transcribe";
				PRODUCT_NAME = "$(TARGET_NAME)";
				SWIFT_VERSION = 5.0;
				TARGETED_DEVICE_FAMILY = "1,2";
			};
			name = Release;
		};
/* End XCBuildConfiguration section */

/* Begin XCConfigurationList section */
		6329FEF724ECBD5E005A4DE9 /* Build configuration list for PBXProject "Transcribe" */ = {
			isa = XCConfigurationList;
			buildConfigurations = (
				6329FF0E24ECBD5F005A4DE9 /* Debug */,
				6329FF0F24ECBD5F005A4DE9 /* Release */,
			);
			defaultConfigurationIsVisible = 0;
			defaultConfigurationName = Release;
		};
		6329FF1024ECBD5F005A4DE9 /* Build configuration list for PBXNativeTarget "Transcribe" */ = {
			isa = XCConfigurationList;
			buildConfigurations = (
				6329FF1124ECBD5F005A4DE9 /* Debug */,
				6329FF1224ECBD5F005A4DE9 /* Release */,
			);
			defaultConfigurationIsVisible = 0;
			defaultConfigurationName = Release;
		};
/* End XCConfigurationList section */
	};
	rootObject = 6329FEF424ECBD5E005A4DE9 /* Project object */;
}
